
Microsoft Visual Studio Solution File, Format Version 12.00
# Visual Studio Version 17
VisualStudioVersion = 17.3.32811.315
MinimumVisualStudioVersion = 10.0.40219.1
Project("{FAE04EC0-301F-11D3-BF4B-00C04F79EFBC}") = "ListViewExample.Android", "ListViewExample\ListViewExample.Android\ListViewExample.Android.csproj", "{933985AF-E969-438B-A284-EE6D7CBC378A}"
EndProject
Project("{FAE04EC0-301F-11D3-BF4B-00C04F79EFBC}") = "ListViewExample.iOS", "ListViewExample\ListViewExample.iOS\ListViewExample.iOS.csproj", "{A2C3849D-6628-4647-8118-63A9E8BD5284}"
EndProject
Project("{FAE04EC0-301F-11D3-BF4B-00C04F79EFBC}") = "ListViewExample", "ListViewExample\ListViewExample\ListViewExample.csproj", "{1305C757-9422-4E97-8882-60DCA377388A}"
EndProject
Global
	GlobalSection(SolutionConfigurationPlatforms) = preSolution
		Debug|Any CPU = Debug|Any CPU
		Debug|iPhone = Debug|iPhone
		Debug|iPhoneSimulator = Debug|iPhoneSimulator
		Release|Any CPU = Release|Any CPU
		Release|iPhone = Release|iPhone
		Release|iPhoneSimulator = Release|iPhoneSimulator
	EndGlobalSection
	GlobalSection(ProjectConfigurationPlatforms) = postSolution
		{933985AF-E969-438B-A284-EE6D7CBC378A}.Debug|Any CPU.ActiveCfg = Debug|Any CPU
		{933985AF-E969-438B-A284-EE6D7CBC378A}.Debug|Any CPU.Build.0 = Debug|Any CPU
		{933985AF-E969-438B-A284-EE6D7CBC378A}.Debug|Any CPU.Deploy.0 = Debug|Any CPU
		{933985AF-E969-438B-A284-EE6D7CBC378A}.Debug|iPhone.ActiveCfg = Debug|Any CPU
		{933985AF-E969-438B-A284-EE6D7CBC378A}.Debug|iPhone.Build.0 = Debug|Any CPU
		{933985AF-E969-438B-A284-EE6D7CBC378A}.Debug|iPhone.Deploy.0 = Debug|Any CPU
		{933985AF-E969-438B-A284-EE6D7CBC378A}.Debug|iPhoneSimulator.ActiveCfg = Debug|Any CPU
		{933985AF-E969-438B-A284-EE6D7CBC378A}.Debug|iPhoneSimulator.Build.0 = Debug|Any CPU
		{933985AF-E969-438B-A284-EE6D7CBC378A}.Debug|iPhoneSimulator.Deploy.0 = Debug|Any CPU
		{933985AF-E969-438B-A284-EE6D7CBC378A}.Release|Any CPU.ActiveCfg = Release|Any CPU
		{933985AF-E969-438B-A284-EE6D7CBC378A}.Release|Any CPU.Build.0 = Release|Any CPU
		{933985AF-E969-438B-A284-EE6D7CBC378A}.Release|Any CPU.Deploy.0 = Release|Any CPU
		{933985AF-E969-438B-A284-EE6D7CBC378A}.Release|iPhone.ActiveCfg = Release|Any CPU
		{933985AF-E969-438B-A284-EE6D7CBC378A}.Release|iPhone.Build.0 = Release|Any CPU
		{933985AF-E969-438B-A284-EE6D7CBC378A}.Release|iPhone.Deploy.0 = Release|Any CPU
		{933985AF-E969-438B-A284-EE6D7CBC378A}.Release|iPhoneSimulator.ActiveCfg = Release|Any CPU
		{933985AF-E969-438B-A284-EE6D7CBC378A}.Release|iPhoneSimulator.Build.0 = Release|Any CPU
		{933985AF-E969-438B-A284-EE6D7CBC378A}.Release|iPhoneSimulator.Deploy.0 = Release|Any CPU
		{A2C3849D-6628-4647-8118-63A9E8BD5284}.Debug|Any CPU.ActiveCfg = Debug|iPhone
		{A2C3849D-6628-4647-8118-63A9E8BD5284}.Debug|Any CPU.Build.0 = Debug|iPhone
		{A2C3849D-6628-4647-8118-63A9E8BD5284}.Debug|Any CPU.Deploy.0 = Debug|iPhone
		{A2C3849D-6628-4647-8118-63A9E8BD5284}.Debug|iPhone.ActiveCfg = Debug|iPhone
		{A2C3849D-6628-4647-8118-63A9E8BD5284}.Debug|iPhone.Build.0 = Debug|iPhone
		{A2C3849D-6628-4647-8118-63A9E8BD5284}.Debug|iPhone.Deploy.0 = Debug|iPhone
		{A2C3849D-6628-4647-8118-63A9E8BD5284}.Debug|iPhoneSimulator.ActiveCfg = Debug|iPhoneSimulator
		{A2C3849D-6628-4647-8118-63A9E8BD5284}.Debug|iPhoneSimulator.Build.0 = Debug|iPhoneSimulator
		{A2C3849D-6628-4647-8118-63A9E8BD5284}.Debug|iPhoneSimulator.Deploy.0 = Debug|iPhoneSimulator
		{A2C3849D-6628-4647-8118-63A9E8BD5284}.Release|Any CPU.ActiveCfg = Release|iPhoneSimulator
		{A2C3849D-6628-4647-8118-63A9E8BD5284}.Release|Any CPU.Build.0 = Release|iPhoneSimulator
		{A2C3849D-6628-4647-8118-63A9E8BD5284}.Release|Any CPU.Deploy.0 = Release|iPhoneSimulator
		{A2C3849D-6628-4647-8118-63A9E8BD5284}.Release|iPhone.ActiveCfg = Release|iPhone
		{A2C3849D-6628-4647-8118-63A9E8BD5284}.Release|iPhone.Build.0 = Release|iPhone
		{A2C3849D-6628-4647-8118-63A9E8BD5284}.Release|iPhone.Deploy.0 = Release|iPhone
		{A2C3849D-6628-4647-8118-63A9E8BD5284}.Release|iPhoneSimulator.ActiveCfg = Release|iPhoneSimulator
		{A2C3849D-6628-4647-8118-63A9E8BD5284}.Release|iPhoneSimulator.Build.0 = Release|iPhoneSimulator
		{A2C3849D-6628-4647-8118-63A9E8BD5284}.Release|iPhoneSimulator.Deploy.0 = Release|iPhoneSimulator
		{1305C757-9422-4E97-8882-60DCA377388A}.Debug|Any CPU.ActiveCfg = Debug|Any CPU
		{1305C757-9422-4E97-8882-60DCA377388A}.Debug|Any CPU.Build.0 = Debug|Any CPU
		{1305C757-9422-4E97-8882-60DCA377388A}.Debug|Any CPU.Deploy.0 = Debug|Any CPU
		{1305C757-9422-4E97-8882-60DCA377388A}.Debug|iPhone.ActiveCfg = Debug|Any CPU
		{1305C757-9422-4E97-8882-60DCA377388A}.Debug|iPhone.Build.0 = Debug|Any CPU
		{1305C757-9422-4E97-8882-60DCA377388A}.Debug|iPhone.Deploy.0 = Debug|Any CPU
		{1305C757-9422-4E97-8882-60DCA377388A}.Debug|iPhoneSimulator.ActiveCfg = Debug|Any CPU
		{1305C757-9422-4E97-8882-60DCA377388A}.Debug|iPhoneSimulator.Build.0 = Debug|Any CPU
		{1305C757-9422-4E97-8882-60DCA377388A}.Debug|iPhoneSimulator.Deploy.0 = Debug|Any CPU
		{1305C757-9422-4E97-8882-60DCA377388A}.Release|Any CPU.ActiveCfg = Release|Any CPU
		{1305C757-9422-4E97-8882-60DCA377388A}.Release|Any CPU.Build.0 = Release|Any CPU
		{1305C757-9422-4E97-8882-60DCA377388A}.Release|Any CPU.Deploy.0 = Release|Any CPU
		{1305C757-9422-4E97-8882-60DCA377388A}.Release|iPhone.ActiveCfg = Release|Any CPU
		{1305C757-9422-4E97-8882-60DCA377388A}.Release|iPhone.Build.0 = Release|Any CPU
		{1305C757-9422-4E97-8882-60DCA377388A}.Release|iPhone.Deploy.0 = Release|Any CPU
		{1305C757-9422-4E97-8882-60DCA377388A}.Release|iPhoneSimulator.ActiveCfg = Release|Any CPU
		{1305C757-9422-4E97-8882-60DCA377388A}.Release|iPhoneSimulator.Build.0 = Release|Any CPU
		{1305C757-9422-4E97-8882-60DCA377388A}.Release|iPhoneSimulator.Deploy.0 = Release|Any CPU
	EndGlobalSection
	GlobalSection(SolutionProperties) = preSolution
		HideSolutionNode = FALSE
	EndGlobalSection
	GlobalSection(ExtensibilityGlobals) = postSolution
		SolutionGuid = {3D1B31C6-0676-4F19-8936-7BB58C119B64}
	EndGlobalSection
EndGlobal
